
Microsoft Visual Studio Solution File, Format Version 12.00
# Visual Studio Version 16
VisualStudioVersion = 16.0.31105.61
MinimumVisualStudioVersion = 10.0.40219.1
Project("{9A19103F-16F7-4668-BE54-9A1E7A4F7556}") = "FishingMinigames", "FishingMinigames\FishingMinigames.csproj", "{96F3D36E-61CE-4041-9F44-540669932FEC}"
EndProject
Project("{9A19103F-16F7-4668-BE54-9A1E7A4F7556}") = "FishingInfoOverlays", "FishingInfoOverlays\FishingInfoOverlays.csproj", "{0D08DDA8-E58F-417D-8EA5-57A9D65FBAA2}"
EndProject
Project("{9A19103F-16F7-4668-BE54-9A1E7A4F7556}") = "CustomSpouseLocation", "CustomSpouseLocation\CustomSpouseLocation.csproj", "{2820A9CB-A3F1-4E41-A312-DD6C672B7BD1}"
EndProject
Project("{9A19103F-16F7-4668-BE54-9A1E7A4F7556}") = "Kars", "Kars\Kars.csproj", "{146862DB-4F77-4900-B951-B33B3BF31363}"
EndProject
Project("{9A19103F-16F7-4668-BE54-9A1E7A4F7556}") = "DiagonalAim", "DiagonalAim\DiagonalAim.csproj", "{DE757AF3-D8E8-41B0-B462-15F1644C539B}"
EndProject
Global
	GlobalSection(SolutionConfigurationPlatforms) = preSolution
		Debug|Any CPU = Debug|Any CPU
		Release|Any CPU = Release|Any CPU
	EndGlobalSection
	GlobalSection(ProjectConfigurationPlatforms) = postSolution
		{96F3D36E-61CE-4041-9F44-540669932FEC}.Debug|Any CPU.ActiveCfg = Debug|Any CPU
		{96F3D36E-61CE-4041-9F44-540669932FEC}.Debug|Any CPU.Build.0 = Debug|Any CPU
		{96F3D36E-61CE-4041-9F44-540669932FEC}.Release|Any CPU.ActiveCfg = Release|Any CPU
		{96F3D36E-61CE-4041-9F44-540669932FEC}.Release|Any CPU.Build.0 = Release|Any CPU
		{0D08DDA8-E58F-417D-8EA5-57A9D65FBAA2}.Debug|Any CPU.ActiveCfg = Debug|Any CPU
		{0D08DDA8-E58F-417D-8EA5-57A9D65FBAA2}.Debug|Any CPU.Build.0 = Debug|Any CPU
		{0D08DDA8-E58F-417D-8EA5-57A9D65FBAA2}.Release|Any CPU.ActiveCfg = Release|Any CPU
		{0D08DDA8-E58F-417D-8EA5-57A9D65FBAA2}.Release|Any CPU.Build.0 = Release|Any CPU
		{2820A9CB-A3F1-4E41-A312-DD6C672B7BD1}.Debug|Any CPU.ActiveCfg = Debug|Any CPU
		{2820A9CB-A3F1-4E41-A312-DD6C672B7BD1}.Debug|Any CPU.Build.0 = Debug|Any CPU
		{2820A9CB-A3F1-4E41-A312-DD6C672B7BD1}.Release|Any CPU.ActiveCfg = Release|Any CPU
		{2820A9CB-A3F1-4E41-A312-DD6C672B7BD1}.Release|Any CPU.Build.0 = Release|Any CPU
		{146862DB-4F77-4900-B951-B33B3BF31363}.Debug|Any CPU.ActiveCfg = Debug|Any CPU
		{146862DB-4F77-4900-B951-B33B3BF31363}.Debug|Any CPU.Build.0 = Debug|Any CPU
		{146862DB-4F77-4900-B951-B33B3BF31363}.Release|Any CPU.ActiveCfg = Release|Any CPU
		{146862DB-4F77-4900-B951-B33B3BF31363}.Release|Any CPU.Build.0 = Release|Any CPU
		{DE757AF3-D8E8-41B0-B462-15F1644C539B}.Debug|Any CPU.ActiveCfg = Debug|Any CPU
		{DE757AF3-D8E8-41B0-B462-15F1644C539B}.Debug|Any CPU.Build.0 = Debug|Any CPU
		{DE757AF3-D8E8-41B0-B462-15F1644C539B}.Release|Any CPU.ActiveCfg = Release|Any CPU
		{DE757AF3-D8E8-41B0-B462-15F1644C539B}.Release|Any CPU.Build.0 = Release|Any CPU
	EndGlobalSection
	GlobalSection(SolutionProperties) = preSolution
		HideSolutionNode = FALSE
	EndGlobalSection
	GlobalSection(ExtensibilityGlobals) = postSolution
		SolutionGuid = {4BF8E3F7-FBA4-40A4-A1AD-EB34C8AF685D}
	EndGlobalSection
EndGlobal
